
Microsoft Visual Studio Solution File, Format Version 9.00
# Visual Studio 2005
Project("{FAE04EC0-301F-11D3-BF4B-00C04F79EFBC}") = "NCSPlugin", "NCSPlugin\NCSPlugin.csproj", "{9CC20246-79AA-43B0-9736-CA65EDB1C334}"
	ProjectSection(WebsiteProperties) = preProject
		Debug.AspNetCompiler.Debug = "True"
		Release.AspNetCompiler.Debug = "False"
	EndProjectSection
EndProject
Project("{FAE04EC0-301F-11D3-BF4B-00C04F79EFBC}") = "OpenCommentViewer", "OpenCommentViewer\OpenCommentViewer.csproj", "{75AC91B7-F004-42D1-8DEA-E7616B9C4612}"
	ProjectSection(WebsiteProperties) = preProject
		Debug.AspNetCompiler.Debug = "True"
		Release.AspNetCompiler.Debug = "False"
	EndProjectSection
EndProject
Project("{FAE04EC0-301F-11D3-BF4B-00C04F79EFBC}") = "NicoApiSharp", "NicoApiSharp\NicoApiSharp.csproj", "{62A5F9B6-5A2B-41E1-BC7D-D8F93C8D624A}"
	ProjectSection(WebsiteProperties) = preProject
		Debug.AspNetCompiler.Debug = "True"
		Release.AspNetCompiler.Debug = "False"
	EndProjectSection
EndProject
Project("{FAE04EC0-301F-11D3-BF4B-00C04F79EFBC}") = "NameManagePlugin", "NameManagePlugin\NameManagePlugin.csproj", "{91B164F7-5A8C-4454-A022-1346439787D2}"
	ProjectSection(WebsiteProperties) = preProject
		Debug.AspNetCompiler.Debug = "True"
		Release.AspNetCompiler.Debug = "False"
	EndProjectSection
EndProject
Project("{2150E333-8FDC-42A3-9474-1A3956D46DE8}") = "Plugins", "Plugins", "{402930E9-61EF-4DDB-AC63-12FF8208A283}"
	ProjectSection(WebsiteProperties) = preProject
		Debug.AspNetCompiler.Debug = "True"
		Release.AspNetCompiler.Debug = "False"
	EndProjectSection
EndProject
Project("{FAE04EC0-301F-11D3-BF4B-00C04F79EFBC}") = "CookieGetterSharp", "CookieGetterSharp\CookieGetterSharp.csproj", "{ACB84F0E-B482-46B0-8C29-1FAC6C85D622}"
	ProjectSection(WebsiteProperties) = preProject
		Debug.AspNetCompiler.Debug = "True"
		Release.AspNetCompiler.Debug = "False"
	EndProjectSection
EndProject
Project("{2150E333-8FDC-42A3-9474-1A3956D46DE8}") = "Test", "Test", "{02BACD03-DBDE-43BF-AF84-A02D49A606A7}"
	ProjectSection(WebsiteProperties) = preProject
		Debug.AspNetCompiler.Debug = "True"
		Release.AspNetCompiler.Debug = "False"
	EndProjectSection
EndProject
Project("{FAE04EC0-301F-11D3-BF4B-00C04F79EFBC}") = "CookieGetterTestProj", "CookieGetterTestProj\CookieGetterTestProj.csproj", "{0AB80BB1-00E1-42FC-91FC-09A40981D76C}"
	ProjectSection(WebsiteProperties) = preProject
		Debug.AspNetCompiler.Debug = "True"
		Release.AspNetCompiler.Debug = "False"
	EndProjectSection
EndProject
Global
	GlobalSection(SubversionScc) = preSolution
		Svn-Managed = True
		Manager = AnkhSVN - Subversion Support for Visual Studio
	EndGlobalSection
	GlobalSection(SolutionConfigurationPlatforms) = preSolution
		Debug|.NET = Debug|.NET
		Debug|Any CPU = Debug|Any CPU
		Debug|Mixed Platforms = Debug|Mixed Platforms
		Release|.NET = Release|.NET
		Release|Any CPU = Release|Any CPU
		Release|Mixed Platforms = Release|Mixed Platforms
	EndGlobalSection
	GlobalSection(ProjectConfigurationPlatforms) = postSolution
		{9CC20246-79AA-43B0-9736-CA65EDB1C334}.Debug|.NET.ActiveCfg = Debug|Any CPU
		{9CC20246-79AA-43B0-9736-CA65EDB1C334}.Debug|Any CPU.ActiveCfg = Debug|Any CPU
		{9CC20246-79AA-43B0-9736-CA65EDB1C334}.Debug|Any CPU.Build.0 = Debug|Any CPU
		{9CC20246-79AA-43B0-9736-CA65EDB1C334}.Debug|Mixed Platforms.ActiveCfg = Debug|Any CPU
		{9CC20246-79AA-43B0-9736-CA65EDB1C334}.Debug|Mixed Platforms.Build.0 = Debug|Any CPU
		{9CC20246-79AA-43B0-9736-CA65EDB1C334}.Release|.NET.ActiveCfg = Release|Any CPU
		{9CC20246-79AA-43B0-9736-CA65EDB1C334}.Release|Any CPU.ActiveCfg = Release|Any CPU
		{9CC20246-79AA-43B0-9736-CA65EDB1C334}.Release|Any CPU.Build.0 = Release|Any CPU
		{9CC20246-79AA-43B0-9736-CA65EDB1C334}.Release|Mixed Platforms.ActiveCfg = Release|Any CPU
		{9CC20246-79AA-43B0-9736-CA65EDB1C334}.Release|Mixed Platforms.Build.0 = Release|Any CPU
		{75AC91B7-F004-42D1-8DEA-E7616B9C4612}.Debug|.NET.ActiveCfg = Debug|Any CPU
		{75AC91B7-F004-42D1-8DEA-E7616B9C4612}.Debug|Any CPU.ActiveCfg = Debug|Any CPU
		{75AC91B7-F004-42D1-8DEA-E7616B9C4612}.Debug|Any CPU.Build.0 = Debug|Any CPU
		{75AC91B7-F004-42D1-8DEA-E7616B9C4612}.Debug|Mixed Platforms.ActiveCfg = Debug|Any CPU
		{75AC91B7-F004-42D1-8DEA-E7616B9C4612}.Debug|Mixed Platforms.Build.0 = Debug|Any CPU
		{75AC91B7-F004-42D1-8DEA-E7616B9C4612}.Release|.NET.ActiveCfg = Release|Any CPU
		{75AC91B7-F004-42D1-8DEA-E7616B9C4612}.Release|Any CPU.ActiveCfg = Release|Any CPU
		{75AC91B7-F004-42D1-8DEA-E7616B9C4612}.Release|Any CPU.Build.0 = Release|Any CPU
		{75AC91B7-F004-42D1-8DEA-E7616B9C4612}.Release|Mixed Platforms.ActiveCfg = Release|Any CPU
		{75AC91B7-F004-42D1-8DEA-E7616B9C4612}.Release|Mixed Platforms.Build.0 = Release|Any CPU
		{62A5F9B6-5A2B-41E1-BC7D-D8F93C8D624A}.Debug|.NET.ActiveCfg = Debug|Any CPU
		{62A5F9B6-5A2B-41E1-BC7D-D8F93C8D624A}.Debug|Any CPU.ActiveCfg = Debug|Any CPU
		{62A5F9B6-5A2B-41E1-BC7D-D8F93C8D624A}.Debug|Any CPU.Build.0 = Debug|Any CPU
		{62A5F9B6-5A2B-41E1-BC7D-D8F93C8D624A}.Debug|Mixed Platforms.ActiveCfg = Debug|Any CPU
		{62A5F9B6-5A2B-41E1-BC7D-D8F93C8D624A}.Debug|Mixed Platforms.Build.0 = Debug|Any CPU
		{62A5F9B6-5A2B-41E1-BC7D-D8F93C8D624A}.Release|.NET.ActiveCfg = Release|Any CPU
		{62A5F9B6-5A2B-41E1-BC7D-D8F93C8D624A}.Release|Any CPU.ActiveCfg = Release|Any CPU
		{62A5F9B6-5A2B-41E1-BC7D-D8F93C8D624A}.Release|Any CPU.Build.0 = Release|Any CPU
		{62A5F9B6-5A2B-41E1-BC7D-D8F93C8D624A}.Release|Mixed Platforms.ActiveCfg = Release|Any CPU
		{62A5F9B6-5A2B-41E1-BC7D-D8F93C8D624A}.Release|Mixed Platforms.Build.0 = Release|Any CPU
		{91B164F7-5A8C-4454-A022-1346439787D2}.Debug|.NET.ActiveCfg = Debug|Any CPU
		{91B164F7-5A8C-4454-A022-1346439787D2}.Debug|Any CPU.ActiveCfg = Debug|Any CPU
		{91B164F7-5A8C-4454-A022-1346439787D2}.Debug|Any CPU.Build.0 = Debug|Any CPU
		{91B164F7-5A8C-4454-A022-1346439787D2}.Debug|Mixed Platforms.ActiveCfg = Debug|Any CPU
		{91B164F7-5A8C-4454-A022-1346439787D2}.Debug|Mixed Platforms.Build.0 = Debug|Any CPU
		{91B164F7-5A8C-4454-A022-1346439787D2}.Release|.NET.ActiveCfg = Release|Any CPU
		{91B164F7-5A8C-4454-A022-1346439787D2}.Release|Any CPU.ActiveCfg = Release|Any CPU
		{91B164F7-5A8C-4454-A022-1346439787D2}.Release|Any CPU.Build.0 = Release|Any CPU
		{91B164F7-5A8C-4454-A022-1346439787D2}.Release|Mixed Platforms.ActiveCfg = Release|Any CPU
		{91B164F7-5A8C-4454-A022-1346439787D2}.Release|Mixed Platforms.Build.0 = Release|Any CPU
		{ACB84F0E-B482-46B0-8C29-1FAC6C85D622}.Debug|.NET.ActiveCfg = Debug|Any CPU
		{ACB84F0E-B482-46B0-8C29-1FAC6C85D622}.Debug|Any CPU.ActiveCfg = Debug|Any CPU
		{ACB84F0E-B482-46B0-8C29-1FAC6C85D622}.Debug|Any CPU.Build.0 = Debug|Any CPU
		{ACB84F0E-B482-46B0-8C29-1FAC6C85D622}.Debug|Mixed Platforms.ActiveCfg = Debug|Any CPU
		{ACB84F0E-B482-46B0-8C29-1FAC6C85D622}.Debug|Mixed Platforms.Build.0 = Debug|Any CPU
		{ACB84F0E-B482-46B0-8C29-1FAC6C85D622}.Release|.NET.ActiveCfg = Release|Any CPU
		{ACB84F0E-B482-46B0-8C29-1FAC6C85D622}.Release|Any CPU.ActiveCfg = Release|Any CPU
		{ACB84F0E-B482-46B0-8C29-1FAC6C85D622}.Release|Any CPU.Build.0 = Release|Any CPU
		{ACB84F0E-B482-46B0-8C29-1FAC6C85D622}.Release|Mixed Platforms.ActiveCfg = Release|Any CPU
		{ACB84F0E-B482-46B0-8C29-1FAC6C85D622}.Release|Mixed Platforms.Build.0 = Release|Any CPU
		{0AB80BB1-00E1-42FC-91FC-09A40981D76C}.Debug|.NET.ActiveCfg = Debug|Any CPU
		{0AB80BB1-00E1-42FC-91FC-09A40981D76C}.Debug|Any CPU.ActiveCfg = Debug|Any CPU
		{0AB80BB1-00E1-42FC-91FC-09A40981D76C}.Debug|Any CPU.Build.0 = Debug|Any CPU
		{0AB80BB1-00E1-42FC-91FC-09A40981D76C}.Debug|Mixed Platforms.ActiveCfg = Debug|Any CPU
		{0AB80BB1-00E1-42FC-91FC-09A40981D76C}.Debug|Mixed Platforms.Build.0 = Debug|Any CPU
		{0AB80BB1-00E1-42FC-91FC-09A40981D76C}.Release|.NET.ActiveCfg = Release|Any CPU
		{0AB80BB1-00E1-42FC-91FC-09A40981D76C}.Release|Any CPU.ActiveCfg = Release|Any CPU
		{0AB80BB1-00E1-42FC-91FC-09A40981D76C}.Release|Any CPU.Build.0 = Release|Any CPU
		{0AB80BB1-00E1-42FC-91FC-09A40981D76C}.Release|Mixed Platforms.ActiveCfg = Release|Any CPU
		{0AB80BB1-00E1-42FC-91FC-09A40981D76C}.Release|Mixed Platforms.Build.0 = Release|Any CPU
	EndGlobalSection
	GlobalSection(SolutionProperties) = preSolution
		HideSolutionNode = FALSE
	EndGlobalSection
	GlobalSection(NestedProjects) = preSolution
		{91B164F7-5A8C-4454-A022-1346439787D2} = {402930E9-61EF-4DDB-AC63-12FF8208A283}
		{0AB80BB1-00E1-42FC-91FC-09A40981D76C} = {02BACD03-DBDE-43BF-AF84-A02D49A606A7}
	EndGlobalSection
EndGlobal
